
Microsoft Visual Studio Solution File, Format Version 12.00
# Visual Studio Version 16
VisualStudioVersion = 16.0.29025.244
MinimumVisualStudioVersion = 10.0.40219.1
Project("{FAE04EC0-301F-11D3-BF4B-00C04F79EFBC}") = "BackProject", "BackProject\BackProject.csproj", "{F7B366A3-D383-40E4-BE1D-2B792A86AFDA}"
EndProject
Global
	GlobalSection(SolutionConfigurationPlatforms) = preSolution
		Debug|Any CPU = Debug|Any CPU
		Release|Any CPU = Release|Any CPU
	EndGlobalSection
	GlobalSection(ProjectConfigurationPlatforms) = postSolution
		{F7B366A3-D383-40E4-BE1D-2B792A86AFDA}.Debug|Any CPU.ActiveCfg = Debug|Any CPU
		{F7B366A3-D383-40E4-BE1D-2B792A86AFDA}.Debug|Any CPU.Build.0 = Debug|Any CPU
		{F7B366A3-D383-40E4-BE1D-2B792A86AFDA}.Release|Any CPU.ActiveCfg = Release|Any CPU
		{F7B366A3-D383-40E4-BE1D-2B792A86AFDA}.Release|Any CPU.Build.0 = Release|Any CPU
	EndGlobalSection
	GlobalSection(SolutionProperties) = preSolution
		HideSolutionNode = FALSE
	EndGlobalSection
	GlobalSection(ExtensibilityGlobals) = postSolution
		SolutionGuid = {3D3E5624-CFDA-4F28-BCC7-D30156E29C21}
	EndGlobalSection
EndGlobal
